
Microsoft Visual Studio Solution File, Format Version 12.00
# Visual Studio Version 16
VisualStudioVersion = 16.0.31624.102
MinimumVisualStudioVersion = 10.0.40219.1
Project("{FAE04EC0-301F-11D3-BF4B-00C04F79EFBC}") = "Hangman.Web", "Hangman.Web\Hangman.Web.csproj", "{D38C6CB9-F7B6-4739-B916-DFEDBE40F8FA}"
EndProject
Project("{FAE04EC0-301F-11D3-BF4B-00C04F79EFBC}") = "Hangman.Data", "Hangman.Data\Hangman.Data.csproj", "{19D4BC4B-223C-4166-AEDD-F0B84706DFE2}"
EndProject
Global
	GlobalSection(SolutionConfigurationPlatforms) = preSolution
		Debug|Any CPU = Debug|Any CPU
		Release|Any CPU = Release|Any CPU
	EndGlobalSection
	GlobalSection(ProjectConfigurationPlatforms) = postSolution
		{D38C6CB9-F7B6-4739-B916-DFEDBE40F8FA}.Debug|Any CPU.ActiveCfg = Debug|Any CPU
		{D38C6CB9-F7B6-4739-B916-DFEDBE40F8FA}.Debug|Any CPU.Build.0 = Debug|Any CPU
		{D38C6CB9-F7B6-4739-B916-DFEDBE40F8FA}.Release|Any CPU.ActiveCfg = Release|Any CPU
		{D38C6CB9-F7B6-4739-B916-DFEDBE40F8FA}.Release|Any CPU.Build.0 = Release|Any CPU
		{19D4BC4B-223C-4166-AEDD-F0B84706DFE2}.Debug|Any CPU.ActiveCfg = Debug|Any CPU
		{19D4BC4B-223C-4166-AEDD-F0B84706DFE2}.Debug|Any CPU.Build.0 = Debug|Any CPU
		{19D4BC4B-223C-4166-AEDD-F0B84706DFE2}.Release|Any CPU.ActiveCfg = Release|Any CPU
		{19D4BC4B-223C-4166-AEDD-F0B84706DFE2}.Release|Any CPU.Build.0 = Release|Any CPU
	EndGlobalSection
	GlobalSection(SolutionProperties) = preSolution
		HideSolutionNode = FALSE
	EndGlobalSection
	GlobalSection(ExtensibilityGlobals) = postSolution
		SolutionGuid = {AF2A24A9-CE01-4031-BECC-A1A86740F9F4}
	EndGlobalSection
EndGlobal
